
Microsoft Visual Studio Solution File, Format Version 12.00
# Visual Studio 14
VisualStudioVersion = 14.0.23107.0
MinimumVisualStudioVersion = 10.0.40219.1
Project("{FAE04EC0-301F-11D3-BF4B-00C04F79EFBC}") = "test1", "test1\test1.csproj", "{2EEAAB66-2B96-4338-AE67-61A3E7DD2D39}"
EndProject
Project("{FAE04EC0-301F-11D3-BF4B-00C04F79EFBC}") = "test2", "test2\test2.csproj", "{B3EF60A2-67E1-4A12-A545-2BACC0E8FB6F}"
EndProject
Project("{FAE04EC0-301F-11D3-BF4B-00C04F79EFBC}") = "test3", "test3\test3.csproj", "{F369B404-9C5A-484D-9562-ECC531E9ED7C}"
EndProject
Project("{FAE04EC0-301F-11D3-BF4B-00C04F79EFBC}") = "test4", "test4\test4.csproj", "{064B09A8-9507-49FE-9FB4-4B2C4A5C49E9}"
EndProject
Project("{FAE04EC0-301F-11D3-BF4B-00C04F79EFBC}") = "比较三个数大小", "比较三个数大小\比较三个数大小.csproj", "{9B3C5ECB-D63C-49CA-9CB2-931B959CD539}"
EndProject
Project("{FAE04EC0-301F-11D3-BF4B-00C04F79EFBC}") = "异常捕获try catch", "异常捕获try catch\异常捕获try catch.csproj", "{42EA2834-7B93-4297-B030-46C4F189A30D}"
EndProject
Project("{FAE04EC0-301F-11D3-BF4B-00C04F79EFBC}") = "switch case", "switch case\switch case.csproj", "{F9C5F390-1C2A-4040-85A8-F58BDC29484A}"
EndProject
Project("{FAE04EC0-301F-11D3-BF4B-00C04F79EFBC}") = "乘法表", "乘法表\乘法表.csproj", "{2E2685B0-85DB-447F-9D2E-7D84815F2FA8}"
EndProject
Project("{FAE04EC0-301F-11D3-BF4B-00C04F79EFBC}") = "for循环的3个练习", "for循环的3个练习\for循环的3个练习.csproj", "{7ECA8ED4-F754-4FAD-9CB8-1190FC54D4D2}"
EndProject
Project("{FAE04EC0-301F-11D3-BF4B-00C04F79EFBC}") = "求100以内的质数", "求100以内的质数\求100以内的质数.csproj", "{D402D531-8ED7-446D-BD54-CA93732D32EF}"
EndProject
Project("{FAE04EC0-301F-11D3-BF4B-00C04F79EFBC}") = "随机数", "随机数\随机数.csproj", "{8E32AA4A-4CA1-4B2B-8CDA-1EAA577BFD61}"
EndProject
Project("{FAE04EC0-301F-11D3-BF4B-00C04F79EFBC}") = "枚举", "枚举\枚举.csproj", "{DA113126-31C7-418A-B4DC-0037BCBC2398}"
EndProject
Project("{FAE04EC0-301F-11D3-BF4B-00C04F79EFBC}") = "数组", "数组\数组.csproj", "{0F798636-687D-42AC-9897-A7B2DA1CDC86}"
EndProject
Project("{FAE04EC0-301F-11D3-BF4B-00C04F79EFBC}") = "函数", "函数\函数.csproj", "{3083CEF9-3178-4756-B8CF-516718EBB151}"
EndProject
Project("{FAE04EC0-301F-11D3-BF4B-00C04F79EFBC}") = "结构", "结构\结构.csproj", "{8663F5FC-4B4B-4055-AAF3-982FFA4D0202}"
EndProject
Project("{FAE04EC0-301F-11D3-BF4B-00C04F79EFBC}") = "冒泡排序", "冒泡排序\冒泡排序.csproj", "{D24B03C1-A04B-4817-A4CB-E6214D3109AB}"
EndProject
Project("{FAE04EC0-301F-11D3-BF4B-00C04F79EFBC}") = "函数-练习1", "函数-练习1\函数-练习1.csproj", "{6FC37D5F-DD49-481F-921A-2D7D6E83B94D}"
EndProject
Project("{FAE04EC0-301F-11D3-BF4B-00C04F79EFBC}") = "函数-练习2", "函数-练习2\函数-练习2.csproj", "{38D1C704-8E56-4DAD-8BFF-1918F384A54A}"
EndProject
Project("{FAE04EC0-301F-11D3-BF4B-00C04F79EFBC}") = "out参数的使用", "out参数的使用\out参数的使用.csproj", "{AF2084FD-CB15-41F8-8DD9-2C1F2CF91936}"
EndProject
Project("{FAE04EC0-301F-11D3-BF4B-00C04F79EFBC}") = "自己动手写TryParse", "自己动手写TryParse\自己动手写TryParse.csproj", "{48CE2202-E92D-4D4A-88B9-5A8E08902213}"
EndProject
Project("{FAE04EC0-301F-11D3-BF4B-00C04F79EFBC}") = "ref练习", "ref练习\ref练习.csproj", "{A416AAFF-8947-4712-B322-BF43072B41A9}"
EndProject
Project("{FAE04EC0-301F-11D3-BF4B-00C04F79EFBC}") = "params可变参数", "params可变参数\params可变参数.csproj", "{3BA5F3C3-0CF4-4658-85FC-057B8E404345}"
EndProject
Project("{FAE04EC0-301F-11D3-BF4B-00C04F79EFBC}") = "方法的重载", "方法的重载\方法的重载.csproj", "{A4BF1F12-3684-4973-AFB3-F384675DC1CE}"
EndProject
Project("{FAE04EC0-301F-11D3-BF4B-00C04F79EFBC}") = "方法79", "方法79\方法79.csproj", "{CA916288-59D2-4325-B79F-B29E662A190E}"
EndProject
Project("{FAE04EC0-301F-11D3-BF4B-00C04F79EFBC}") = "方法练习80", "方法练习80\方法练习80.csproj", "{239C130A-759A-405D-AD00-14077BA47980}"
EndProject
Project("{FAE04EC0-301F-11D3-BF4B-00C04F79EFBC}") = "方法练习97", "方法练习97\方法练习97.csproj", "{057D45AD-4BEF-4013-A452-99D021FF426C}"
EndProject
Project("{FAE04EC0-301F-11D3-BF4B-00C04F79EFBC}") = "方法练习98", "方法练习98\方法练习98.csproj", "{34F70D37-B767-49B4-8353-A9945A5CD19E}"
EndProject
Project("{FAE04EC0-301F-11D3-BF4B-00C04F79EFBC}") = "飞行棋游戏", "飞行棋游戏\飞行棋游戏.csproj", "{95D8E9C6-115C-4139-9103-37FC6AE0B4D2}"
EndProject
Project("{FAE04EC0-301F-11D3-BF4B-00C04F79EFBC}") = "属性", "属性\属性.csproj", "{131BA8AC-CFF5-469E-833F-52A76A449345}"
EndProject
Project("{FAE04EC0-301F-11D3-BF4B-00C04F79EFBC}") = "数据库链接", "数据库链接\数据库链接.csproj", "{901C09F2-76F7-4DC3-ADE4-A7E3144F9E46}"
EndProject
Project("{FAE04EC0-301F-11D3-BF4B-00C04F79EFBC}") = "字符串的方法1", "字符串的方法1\字符串的方法1.csproj", "{ED0CF1A5-4F03-4950-B167-78D4E1A83129}"
EndProject
Project("{FAE04EC0-301F-11D3-BF4B-00C04F79EFBC}") = "字符串练习", "字符串练习\字符串练习.csproj", "{2BED243D-CCAC-4491-93E1-AFCC2B86D8B2}"
EndProject
Project("{FAE04EC0-301F-11D3-BF4B-00C04F79EFBC}") = "继承练习", "继承练习\继承练习.csproj", "{BD85AFCC-C0BE-487E-94CE-08A43F9037CB}"
EndProject
Project("{FAE04EC0-301F-11D3-BF4B-00C04F79EFBC}") = "ArrayList集合", "ArrayList集合\ArrayList集合.csproj", "{5E629907-359A-4ADC-B139-15569B4B8ABC}"
EndProject
Project("{FAE04EC0-301F-11D3-BF4B-00C04F79EFBC}") = "ArrayList集合练习", "ArrayList集合练习\ArrayList集合练习.csproj", "{886D5527-864F-4209-9CE1-2ABD10992B82}"
EndProject
Project("{FAE04EC0-301F-11D3-BF4B-00C04F79EFBC}") = "SQL链接", "SQL链接\SQL链接.csproj", "{B8F2C6A6-C501-4AE7-B649-F04897E440E4}"
EndProject
Project("{FAE04EC0-301F-11D3-BF4B-00C04F79EFBC}") = "Hashtable集合", "Hashtable集合\Hashtable集合.csproj", "{66107A12-1DD4-414A-8D00-A9CF6ADCFF8F}"
EndProject
Project("{FAE04EC0-301F-11D3-BF4B-00C04F79EFBC}") = "Path类", "Path类\Path类.csproj", "{AFEE5707-1F31-4E0A-900F-C9708D132B25}"
EndProject
Project("{FAE04EC0-301F-11D3-BF4B-00C04F79EFBC}") = "File类", "File类\File类.csproj", "{42427B9A-F5F2-4A92-BB1B-456C34CB00EE}"
EndProject
Project("{FAE04EC0-301F-11D3-BF4B-00C04F79EFBC}") = "里氏转换", "里氏转换\里氏转换.csproj", "{43C0823F-C9DF-4CD0-80F1-23EABE7CF571}"
EndProject
Project("{FAE04EC0-301F-11D3-BF4B-00C04F79EFBC}") = "集合的3个练习", "集合的3个练习\集合的3个练习.csproj", "{48D6B04D-4CC2-44F9-BC7D-0726A330B193}"
EndProject
Project("{FAE04EC0-301F-11D3-BF4B-00C04F79EFBC}") = "文件流", "文件流\文件流.csproj", "{931387F9-4DA2-4465-A477-EDBA2861EB5A}"
EndProject
Project("{FAE04EC0-301F-11D3-BF4B-00C04F79EFBC}") = "使用文件流实现多媒体文件的复制", "使用文件流实现多媒体文件的复制\使用文件流实现多媒体文件的复制.csproj", "{4DEE2131-2F73-4C36-B94C-14C7DE1EB5A9}"
EndProject
Project("{FAE04EC0-301F-11D3-BF4B-00C04F79EFBC}") = "StreamReader和StreamWriter", "StreamReader和StreamWriter\StreamReader和StreamWriter.csproj", "{FAC4AFBB-E45F-4124-9336-52278C567E2F}"
EndProject
Project("{FAE04EC0-301F-11D3-BF4B-00C04F79EFBC}") = "多态练习", "多态练习\多态练习.csproj", "{768B9732-F0F5-45F3-9C51-0A43F6C18E23}"
EndProject
Project("{FAE04EC0-301F-11D3-BF4B-00C04F79EFBC}") = "抽象类练习", "抽象类练习\抽象类练习.csproj", "{E9EE4FA6-E0EB-4DB4-90AD-4DA276D41BBA}"
EndProject
Project("{FAE04EC0-301F-11D3-BF4B-00C04F79EFBC}") = "TEST", "TEST\TEST.csproj", "{65674471-E36B-4112-9BD0-2852B049CB96}"
EndProject
Project("{FAE04EC0-301F-11D3-BF4B-00C04F79EFBC}") = "滁州不动产", "滁州不动产\滁州不动产.csproj", "{BCE65AB9-26ED-4C65-B120-38C7702711D0}"
EndProject
Project("{FAE04EC0-301F-11D3-BF4B-00C04F79EFBC}") = "地籍子区录入", "地籍子区录入\地籍子区录入.csproj", "{A7697314-C5E0-46E2-B9DD-84D022968E20}"
EndProject
Project("{FAE04EC0-301F-11D3-BF4B-00C04F79EFBC}") = "模拟移动硬盘、U盘、MP3", "模拟移动硬盘、U盘、MP3\模拟移动硬盘、U盘、MP3.csproj", "{DC75FA4D-7FBB-48BE-99C4-8708F3624AFE}"
EndProject
Project("{FAE04EC0-301F-11D3-BF4B-00C04F79EFBC}") = "简单工厂设计模式", "简单工厂设计模式\简单工厂设计模式.csproj", "{17C03A45-5E28-490D-B129-5D2388780AD6}"
EndProject
Project("{FAE04EC0-301F-11D3-BF4B-00C04F79EFBC}") = "序列化和反序列化", "序列化和反序列化\序列化和反序列化.csproj", "{725A588F-68C6-4F14-B0FA-61A291739654}"
EndProject
Project("{FAE04EC0-301F-11D3-BF4B-00C04F79EFBC}") = "超市收银系统", "超市收银系统\超市收银系统.csproj", "{FDB84CDB-46E2-428C-859D-BBB3CF0C0DE0}"
EndProject
Project("{FAE04EC0-301F-11D3-BF4B-00C04F79EFBC}") = "MD5加密", "MD5加密\MD5加密.csproj", "{E46F335C-8154-47CE-8D95-E970A8C35E78}"
EndProject
Global
	GlobalSection(SolutionConfigurationPlatforms) = preSolution
		Debug|Any CPU = Debug|Any CPU
		Debug|Mixed Platforms = Debug|Mixed Platforms
		Debug|Win32 = Debug|Win32
		Release|Any CPU = Release|Any CPU
		Release|Mixed Platforms = Release|Mixed Platforms
		Release|Win32 = Release|Win32
	EndGlobalSection
	GlobalSection(ProjectConfigurationPlatforms) = postSolution
		{2EEAAB66-2B96-4338-AE67-61A3E7DD2D39}.Debug|Any CPU.ActiveCfg = Debug|Any CPU
		{2EEAAB66-2B96-4338-AE67-61A3E7DD2D39}.Debug|Any CPU.Build.0 = Debug|Any CPU
		{2EEAAB66-2B96-4338-AE67-61A3E7DD2D39}.Debug|Mixed Platforms.ActiveCfg = Debug|Any CPU
		{2EEAAB66-2B96-4338-AE67-61A3E7DD2D39}.Debug|Mixed Platforms.Build.0 = Debug|Any CPU
		{2EEAAB66-2B96-4338-AE67-61A3E7DD2D39}.Debug|Win32.ActiveCfg = Debug|Any CPU
		{2EEAAB66-2B96-4338-AE67-61A3E7DD2D39}.Release|Any CPU.ActiveCfg = Release|Any CPU
		{2EEAAB66-2B96-4338-AE67-61A3E7DD2D39}.Release|Any CPU.Build.0 = Release|Any CPU
		{2EEAAB66-2B96-4338-AE67-61A3E7DD2D39}.Release|Mixed Platforms.ActiveCfg = Release|Any CPU
		{2EEAAB66-2B96-4338-AE67-61A3E7DD2D39}.Release|Mixed Platforms.Build.0 = Release|Any CPU
		{2EEAAB66-2B96-4338-AE67-61A3E7DD2D39}.Release|Win32.ActiveCfg = Release|Any CPU
		{B3EF60A2-67E1-4A12-A545-2BACC0E8FB6F}.Debug|Any CPU.ActiveCfg = Debug|Any CPU
		{B3EF60A2-67E1-4A12-A545-2BACC0E8FB6F}.Debug|Any CPU.Build.0 = Debug|Any CPU
		{B3EF60A2-67E1-4A12-A545-2BACC0E8FB6F}.Debug|Mixed Platforms.ActiveCfg = Debug|Any CPU
		{B3EF60A2-67E1-4A12-A545-2BACC0E8FB6F}.Debug|Mixed Platforms.Build.0 = Debug|Any CPU
		{B3EF60A2-67E1-4A12-A545-2BACC0E8FB6F}.Debug|Win32.ActiveCfg = Debug|Any CPU
		{B3EF60A2-67E1-4A12-A545-2BACC0E8FB6F}.Release|Any CPU.ActiveCfg = Release|Any CPU
		{B3EF60A2-67E1-4A12-A545-2BACC0E8FB6F}.Release|Any CPU.Build.0 = Release|Any CPU
		{B3EF60A2-67E1-4A12-A545-2BACC0E8FB6F}.Release|Mixed Platforms.ActiveCfg = Release|Any CPU
		{B3EF60A2-67E1-4A12-A545-2BACC0E8FB6F}.Release|Mixed Platforms.Build.0 = Release|Any CPU
		{B3EF60A2-67E1-4A12-A545-2BACC0E8FB6F}.Release|Win32.ActiveCfg = Release|Any CPU
		{F369B404-9C5A-484D-9562-ECC531E9ED7C}.Debug|Any CPU.ActiveCfg = Debug|Any CPU
		{F369B404-9C5A-484D-9562-ECC531E9ED7C}.Debug|Any CPU.Build.0 = Debug|Any CPU
		{F369B404-9C5A-484D-9562-ECC531E9ED7C}.Debug|Mixed Platforms.ActiveCfg = Debug|Any CPU
		{F369B404-9C5A-484D-9562-ECC531E9ED7C}.Debug|Mixed Platforms.Build.0 = Debug|Any CPU
		{F369B404-9C5A-484D-9562-ECC531E9ED7C}.Debug|Win32.ActiveCfg = Debug|Any CPU
		{F369B404-9C5A-484D-9562-ECC531E9ED7C}.Release|Any CPU.ActiveCfg = Release|Any CPU
		{F369B404-9C5A-484D-9562-ECC531E9ED7C}.Release|Any CPU.Build.0 = Release|Any CPU
		{F369B404-9C5A-484D-9562-ECC531E9ED7C}.Release|Mixed Platforms.ActiveCfg = Release|Any CPU
		{F369B404-9C5A-484D-9562-ECC531E9ED7C}.Release|Mixed Platforms.Build.0 = Release|Any CPU
		{F369B404-9C5A-484D-9562-ECC531E9ED7C}.Release|Win32.ActiveCfg = Release|Any CPU
		{064B09A8-9507-49FE-9FB4-4B2C4A5C49E9}.Debug|Any CPU.ActiveCfg = Debug|Any CPU
		{064B09A8-9507-49FE-9FB4-4B2C4A5C49E9}.Debug|Any CPU.Build.0 = Debug|Any CPU
		{064B09A8-9507-49FE-9FB4-4B2C4A5C49E9}.Debug|Mixed Platforms.ActiveCfg = Debug|Any CPU
		{064B09A8-9507-49FE-9FB4-4B2C4A5C49E9}.Debug|Mixed Platforms.Build.0 = Debug|Any CPU
		{064B09A8-9507-49FE-9FB4-4B2C4A5C49E9}.Debug|Win32.ActiveCfg = Debug|Any CPU
		{064B09A8-9507-49FE-9FB4-4B2C4A5C49E9}.Release|Any CPU.ActiveCfg = Release|Any CPU
		{064B09A8-9507-49FE-9FB4-4B2C4A5C49E9}.Release|Any CPU.Build.0 = Release|Any CPU
		{064B09A8-9507-49FE-9FB4-4B2C4A5C49E9}.Release|Mixed Platforms.ActiveCfg = Release|Any CPU
		{064B09A8-9507-49FE-9FB4-4B2C4A5C49E9}.Release|Mixed Platforms.Build.0 = Release|Any CPU
		{064B09A8-9507-49FE-9FB4-4B2C4A5C49E9}.Release|Win32.ActiveCfg = Release|Any CPU
		{9B3C5ECB-D63C-49CA-9CB2-931B959CD539}.Debug|Any CPU.ActiveCfg = Debug|Any CPU
		{9B3C5ECB-D63C-49CA-9CB2-931B959CD539}.Debug|Any CPU.Build.0 = Debug|Any CPU
		{9B3C5ECB-D63C-49CA-9CB2-931B959CD539}.Debug|Mixed Platforms.ActiveCfg = Debug|Any CPU
		{9B3C5ECB-D63C-49CA-9CB2-931B959CD539}.Debug|Mixed Platforms.Build.0 = Debug|Any CPU
		{9B3C5ECB-D63C-49CA-9CB2-931B959CD539}.Debug|Win32.ActiveCfg = Debug|Any CPU
		{9B3C5ECB-D63C-49CA-9CB2-931B959CD539}.Release|Any CPU.ActiveCfg = Release|Any CPU
		{9B3C5ECB-D63C-49CA-9CB2-931B959CD539}.Release|Any CPU.Build.0 = Release|Any CPU
		{9B3C5ECB-D63C-49CA-9CB2-931B959CD539}.Release|Mixed Platforms.ActiveCfg = Release|Any CPU
		{9B3C5ECB-D63C-49CA-9CB2-931B959CD539}.Release|Mixed Platforms.Build.0 = Release|Any CPU
		{9B3C5ECB-D63C-49CA-9CB2-931B959CD539}.Release|Win32.ActiveCfg = Release|Any CPU
		{42EA2834-7B93-4297-B030-46C4F189A30D}.Debug|Any CPU.ActiveCfg = Debug|Any CPU
		{42EA2834-7B93-4297-B030-46C4F189A30D}.Debug|Any CPU.Build.0 = Debug|Any CPU
		{42EA2834-7B93-4297-B030-46C4F189A30D}.Debug|Mixed Platforms.ActiveCfg = Debug|Any CPU
		{42EA2834-7B93-4297-B030-46C4F189A30D}.Debug|Mixed Platforms.Build.0 = Debug|Any CPU
		{42EA2834-7B93-4297-B030-46C4F189A30D}.Debug|Win32.ActiveCfg = Debug|Any CPU
		{42EA2834-7B93-4297-B030-46C4F189A30D}.Release|Any CPU.ActiveCfg = Release|Any CPU
		{42EA2834-7B93-4297-B030-46C4F189A30D}.Release|Any CPU.Build.0 = Release|Any CPU
		{42EA2834-7B93-4297-B030-46C4F189A30D}.Release|Mixed Platforms.ActiveCfg = Release|Any CPU
		{42EA2834-7B93-4297-B030-46C4F189A30D}.Release|Mixed Platforms.Build.0 = Release|Any CPU
		{42EA2834-7B93-4297-B030-46C4F189A30D}.Release|Win32.ActiveCfg = Release|Any CPU
		{F9C5F390-1C2A-4040-85A8-F58BDC29484A}.Debug|Any CPU.ActiveCfg = Debug|Any CPU
		{F9C5F390-1C2A-4040-85A8-F58BDC29484A}.Debug|Any CPU.Build.0 = Debug|Any CPU
		{F9C5F390-1C2A-4040-85A8-F58BDC29484A}.Debug|Mixed Platforms.ActiveCfg = Debug|Any CPU
		{F9C5F390-1C2A-4040-85A8-F58BDC29484A}.Debug|Mixed Platforms.Build.0 = Debug|Any CPU
		{F9C5F390-1C2A-4040-85A8-F58BDC29484A}.Debug|Win32.ActiveCfg = Debug|Any CPU
		{F9C5F390-1C2A-4040-85A8-F58BDC29484A}.Release|Any CPU.ActiveCfg = Release|Any CPU
		{F9C5F390-1C2A-4040-85A8-F58BDC29484A}.Release|Any CPU.Build.0 = Release|Any CPU
		{F9C5F390-1C2A-4040-85A8-F58BDC29484A}.Release|Mixed Platforms.ActiveCfg = Release|Any CPU
		{F9C5F390-1C2A-4040-85A8-F58BDC29484A}.Release|Mixed Platforms.Build.0 = Release|Any CPU
		{F9C5F390-1C2A-4040-85A8-F58BDC29484A}.Release|Win32.ActiveCfg = Release|Any CPU
		{2E2685B0-85DB-447F-9D2E-7D84815F2FA8}.Debug|Any CPU.ActiveCfg = Debug|Any CPU
		{2E2685B0-85DB-447F-9D2E-7D84815F2FA8}.Debug|Any CPU.Build.0 = Debug|Any CPU
		{2E2685B0-85DB-447F-9D2E-7D84815F2FA8}.Debug|Mixed Platforms.ActiveCfg = Debug|Any CPU
		{2E2685B0-85DB-447F-9D2E-7D84815F2FA8}.Debug|Mixed Platforms.Build.0 = Debug|Any CPU
		{2E2685B0-85DB-447F-9D2E-7D84815F2FA8}.Debug|Win32.ActiveCfg = Debug|Any CPU
		{2E2685B0-85DB-447F-9D2E-7D84815F2FA8}.Release|Any CPU.ActiveCfg = Release|Any CPU
		{2E2685B0-85DB-447F-9D2E-7D84815F2FA8}.Release|Any CPU.Build.0 = Release|Any CPU
		{2E2685B0-85DB-447F-9D2E-7D84815F2FA8}.Release|Mixed Platforms.ActiveCfg = Release|Any CPU
		{2E2685B0-85DB-447F-9D2E-7D84815F2FA8}.Release|Mixed Platforms.Build.0 = Release|Any CPU
		{2E2685B0-85DB-447F-9D2E-7D84815F2FA8}.Release|Win32.ActiveCfg = Release|Any CPU
		{7ECA8ED4-F754-4FAD-9CB8-1190FC54D4D2}.Debug|Any CPU.ActiveCfg = Debug|Any CPU
		{7ECA8ED4-F754-4FAD-9CB8-1190FC54D4D2}.Debug|Any CPU.Build.0 = Debug|Any CPU
		{7ECA8ED4-F754-4FAD-9CB8-1190FC54D4D2}.Debug|Mixed Platforms.ActiveCfg = Debug|Any CPU
		{7ECA8ED4-F754-4FAD-9CB8-1190FC54D4D2}.Debug|Mixed Platforms.Build.0 = Debug|Any CPU
		{7ECA8ED4-F754-4FAD-9CB8-1190FC54D4D2}.Debug|Win32.ActiveCfg = Debug|Any CPU
		{7ECA8ED4-F754-4FAD-9CB8-1190FC54D4D2}.Release|Any CPU.ActiveCfg = Release|Any CPU
		{7ECA8ED4-F754-4FAD-9CB8-1190FC54D4D2}.Release|Any CPU.Build.0 = Release|Any CPU
		{7ECA8ED4-F754-4FAD-9CB8-1190FC54D4D2}.Release|Mixed Platforms.ActiveCfg = Release|Any CPU
		{7ECA8ED4-F754-4FAD-9CB8-1190FC54D4D2}.Release|Mixed Platforms.Build.0 = Release|Any CPU
		{7ECA8ED4-F754-4FAD-9CB8-1190FC54D4D2}.Release|Win32.ActiveCfg = Release|Any CPU
		{D402D531-8ED7-446D-BD54-CA93732D32EF}.Debug|Any CPU.ActiveCfg = Debug|Any CPU
		{D402D531-8ED7-446D-BD54-CA93732D32EF}.Debug|Any CPU.Build.0 = Debug|Any CPU
		{D402D531-8ED7-446D-BD54-CA93732D32EF}.Debug|Mixed Platforms.ActiveCfg = Debug|Any CPU
		{D402D531-8ED7-446D-BD54-CA93732D32EF}.Debug|Mixed Platforms.Build.0 = Debug|Any CPU
		{D402D531-8ED7-446D-BD54-CA93732D32EF}.Debug|Win32.ActiveCfg = Debug|Any CPU
		{D402D531-8ED7-446D-BD54-CA93732D32EF}.Release|Any CPU.ActiveCfg = Release|Any CPU
		{D402D531-8ED7-446D-BD54-CA93732D32EF}.Release|Any CPU.Build.0 = Release|Any CPU
		{D402D531-8ED7-446D-BD54-CA93732D32EF}.Release|Mixed Platforms.ActiveCfg = Release|Any CPU
		{D402D531-8ED7-446D-BD54-CA93732D32EF}.Release|Mixed Platforms.Build.0 = Release|Any CPU
		{D402D531-8ED7-446D-BD54-CA93732D32EF}.Release|Win32.ActiveCfg = Release|Any CPU
		{8E32AA4A-4CA1-4B2B-8CDA-1EAA577BFD61}.Debug|Any CPU.ActiveCfg = Debug|Any CPU
		{8E32AA4A-4CA1-4B2B-8CDA-1EAA577BFD61}.Debug|Any CPU.Build.0 = Debug|Any CPU
		{8E32AA4A-4CA1-4B2B-8CDA-1EAA577BFD61}.Debug|Mixed Platforms.ActiveCfg = Debug|Any CPU
		{8E32AA4A-4CA1-4B2B-8CDA-1EAA577BFD61}.Debug|Mixed Platforms.Build.0 = Debug|Any CPU
		{8E32AA4A-4CA1-4B2B-8CDA-1EAA577BFD61}.Debug|Win32.ActiveCfg = Debug|Any CPU
		{8E32AA4A-4CA1-4B2B-8CDA-1EAA577BFD61}.Release|Any CPU.ActiveCfg = Release|Any CPU
		{8E32AA4A-4CA1-4B2B-8CDA-1EAA577BFD61}.Release|Any CPU.Build.0 = Release|Any CPU
		{8E32AA4A-4CA1-4B2B-8CDA-1EAA577BFD61}.Release|Mixed Platforms.ActiveCfg = Release|Any CPU
		{8E32AA4A-4CA1-4B2B-8CDA-1EAA577BFD61}.Release|Mixed Platforms.Build.0 = Release|Any CPU
		{8E32AA4A-4CA1-4B2B-8CDA-1EAA577BFD61}.Release|Win32.ActiveCfg = Release|Any CPU
		{DA113126-31C7-418A-B4DC-0037BCBC2398}.Debug|Any CPU.ActiveCfg = Debug|Any CPU
		{DA113126-31C7-418A-B4DC-0037BCBC2398}.Debug|Any CPU.Build.0 = Debug|Any CPU
		{DA113126-31C7-418A-B4DC-0037BCBC2398}.Debug|Mixed Platforms.ActiveCfg = Debug|Any CPU
		{DA113126-31C7-418A-B4DC-0037BCBC2398}.Debug|Mixed Platforms.Build.0 = Debug|Any CPU
		{DA113126-31C7-418A-B4DC-0037BCBC2398}.Debug|Win32.ActiveCfg = Debug|Any CPU
		{DA113126-31C7-418A-B4DC-0037BCBC2398}.Release|Any CPU.ActiveCfg = Release|Any CPU
		{DA113126-31C7-418A-B4DC-0037BCBC2398}.Release|Any CPU.Build.0 = Release|Any CPU
		{DA113126-31C7-418A-B4DC-0037BCBC2398}.Release|Mixed Platforms.ActiveCfg = Release|Any CPU
		{DA113126-31C7-418A-B4DC-0037BCBC2398}.Release|Mixed Platforms.Build.0 = Release|Any CPU
		{DA113126-31C7-418A-B4DC-0037BCBC2398}.Release|Win32.ActiveCfg = Release|Any CPU
		{0F798636-687D-42AC-9897-A7B2DA1CDC86}.Debug|Any CPU.ActiveCfg = Debug|Any CPU
		{0F798636-687D-42AC-9897-A7B2DA1CDC86}.Debug|Any CPU.Build.0 = Debug|Any CPU
		{0F798636-687D-42AC-9897-A7B2DA1CDC86}.Debug|Mixed Platforms.ActiveCfg = Debug|Any CPU
		{0F798636-687D-42AC-9897-A7B2DA1CDC86}.Debug|Mixed Platforms.Build.0 = Debug|Any CPU
		{0F798636-687D-42AC-9897-A7B2DA1CDC86}.Debug|Win32.ActiveCfg = Debug|Any CPU
		{0F798636-687D-42AC-9897-A7B2DA1CDC86}.Release|Any CPU.ActiveCfg = Release|Any CPU
		{0F798636-687D-42AC-9897-A7B2DA1CDC86}.Release|Any CPU.Build.0 = Release|Any CPU
		{0F798636-687D-42AC-9897-A7B2DA1CDC86}.Release|Mixed Platforms.ActiveCfg = Release|Any CPU
		{0F798636-687D-42AC-9897-A7B2DA1CDC86}.Release|Mixed Platforms.Build.0 = Release|Any CPU
		{0F798636-687D-42AC-9897-A7B2DA1CDC86}.Release|Win32.ActiveCfg = Release|Any CPU
		{3083CEF9-3178-4756-B8CF-516718EBB151}.Debug|Any CPU.ActiveCfg = Debug|Any CPU
		{3083CEF9-3178-4756-B8CF-516718EBB151}.Debug|Any CPU.Build.0 = Debug|Any CPU
		{3083CEF9-3178-4756-B8CF-516718EBB151}.Debug|Mixed Platforms.ActiveCfg = Debug|Any CPU
		{3083CEF9-3178-4756-B8CF-516718EBB151}.Debug|Mixed Platforms.Build.0 = Debug|Any CPU
		{3083CEF9-3178-4756-B8CF-516718EBB151}.Debug|Win32.ActiveCfg = Debug|Any CPU
		{3083CEF9-3178-4756-B8CF-516718EBB151}.Release|Any CPU.ActiveCfg = Release|Any CPU
		{3083CEF9-3178-4756-B8CF-516718EBB151}.Release|Any CPU.Build.0 = Release|Any CPU
		{3083CEF9-3178-4756-B8CF-516718EBB151}.Release|Mixed Platforms.ActiveCfg = Release|Any CPU
		{3083CEF9-3178-4756-B8CF-516718EBB151}.Release|Mixed Platforms.Build.0 = Release|Any CPU
		{3083CEF9-3178-4756-B8CF-516718EBB151}.Release|Win32.ActiveCfg = Release|Any CPU
		{8663F5FC-4B4B-4055-AAF3-982FFA4D0202}.Debug|Any CPU.ActiveCfg = Debug|Any CPU
		{8663F5FC-4B4B-4055-AAF3-982FFA4D0202}.Debug|Any CPU.Build.0 = Debug|Any CPU
		{8663F5FC-4B4B-4055-AAF3-982FFA4D0202}.Debug|Mixed Platforms.ActiveCfg = Debug|Any CPU
		{8663F5FC-4B4B-4055-AAF3-982FFA4D0202}.Debug|Mixed Platforms.Build.0 = Debug|Any CPU
		{8663F5FC-4B4B-4055-AAF3-982FFA4D0202}.Debug|Win32.ActiveCfg = Debug|Any CPU
		{8663F5FC-4B4B-4055-AAF3-982FFA4D0202}.Release|Any CPU.ActiveCfg = Release|Any CPU
		{8663F5FC-4B4B-4055-AAF3-982FFA4D0202}.Release|Any CPU.Build.0 = Release|Any CPU
		{8663F5FC-4B4B-4055-AAF3-982FFA4D0202}.Release|Mixed Platforms.ActiveCfg = Release|Any CPU
		{8663F5FC-4B4B-4055-AAF3-982FFA4D0202}.Release|Mixed Platforms.Build.0 = Release|Any CPU
		{8663F5FC-4B4B-4055-AAF3-982FFA4D0202}.Release|Win32.ActiveCfg = Release|Any CPU
		{D24B03C1-A04B-4817-A4CB-E6214D3109AB}.Debug|Any CPU.ActiveCfg = Debug|Any CPU
		{D24B03C1-A04B-4817-A4CB-E6214D3109AB}.Debug|Any CPU.Build.0 = Debug|Any CPU
		{D24B03C1-A04B-4817-A4CB-E6214D3109AB}.Debug|Mixed Platforms.ActiveCfg = Debug|Any CPU
		{D24B03C1-A04B-4817-A4CB-E6214D3109AB}.Debug|Mixed Platforms.Build.0 = Debug|Any CPU
		{D24B03C1-A04B-4817-A4CB-E6214D3109AB}.Debug|Win32.ActiveCfg = Debug|Any CPU
		{D24B03C1-A04B-4817-A4CB-E6214D3109AB}.Release|Any CPU.ActiveCfg = Release|Any CPU
		{D24B03C1-A04B-4817-A4CB-E6214D3109AB}.Release|Any CPU.Build.0 = Release|Any CPU
		{D24B03C1-A04B-4817-A4CB-E6214D3109AB}.Release|Mixed Platforms.ActiveCfg = Release|Any CPU
		{D24B03C1-A04B-4817-A4CB-E6214D3109AB}.Release|Mixed Platforms.Build.0 = Release|Any CPU
		{D24B03C1-A04B-4817-A4CB-E6214D3109AB}.Release|Win32.ActiveCfg = Release|Any CPU
		{6FC37D5F-DD49-481F-921A-2D7D6E83B94D}.Debug|Any CPU.ActiveCfg = Debug|Any CPU
		{6FC37D5F-DD49-481F-921A-2D7D6E83B94D}.Debug|Any CPU.Build.0 = Debug|Any CPU
		{6FC37D5F-DD49-481F-921A-2D7D6E83B94D}.Debug|Mixed Platforms.ActiveCfg = Debug|Any CPU
		{6FC37D5F-DD49-481F-921A-2D7D6E83B94D}.Debug|Mixed Platforms.Build.0 = Debug|Any CPU
		{6FC37D5F-DD49-481F-921A-2D7D6E83B94D}.Debug|Win32.ActiveCfg = Debug|Any CPU
		{6FC37D5F-DD49-481F-921A-2D7D6E83B94D}.Release|Any CPU.ActiveCfg = Release|Any CPU
		{6FC37D5F-DD49-481F-921A-2D7D6E83B94D}.Release|Any CPU.Build.0 = Release|Any CPU
		{6FC37D5F-DD49-481F-921A-2D7D6E83B94D}.Release|Mixed Platforms.ActiveCfg = Release|Any CPU
		{6FC37D5F-DD49-481F-921A-2D7D6E83B94D}.Release|Mixed Platforms.Build.0 = Release|Any CPU
		{6FC37D5F-DD49-481F-921A-2D7D6E83B94D}.Release|Win32.ActiveCfg = Release|Any CPU
		{38D1C704-8E56-4DAD-8BFF-1918F384A54A}.Debug|Any CPU.ActiveCfg = Debug|Any CPU
		{38D1C704-8E56-4DAD-8BFF-1918F384A54A}.Debug|Any CPU.Build.0 = Debug|Any CPU
		{38D1C704-8E56-4DAD-8BFF-1918F384A54A}.Debug|Mixed Platforms.ActiveCfg = Debug|Any CPU
		{38D1C704-8E56-4DAD-8BFF-1918F384A54A}.Debug|Mixed Platforms.Build.0 = Debug|Any CPU
		{38D1C704-8E56-4DAD-8BFF-1918F384A54A}.Debug|Win32.ActiveCfg = Debug|Any CPU
		{38D1C704-8E56-4DAD-8BFF-1918F384A54A}.Release|Any CPU.ActiveCfg = Release|Any CPU
		{38D1C704-8E56-4DAD-8BFF-1918F384A54A}.Release|Any CPU.Build.0 = Release|Any CPU
		{38D1C704-8E56-4DAD-8BFF-1918F384A54A}.Release|Mixed Platforms.ActiveCfg = Release|Any CPU
		{38D1C704-8E56-4DAD-8BFF-1918F384A54A}.Release|Mixed Platforms.Build.0 = Release|Any CPU
		{38D1C704-8E56-4DAD-8BFF-1918F384A54A}.Release|Win32.ActiveCfg = Release|Any CPU
		{AF2084FD-CB15-41F8-8DD9-2C1F2CF91936}.Debug|Any CPU.ActiveCfg = Debug|Any CPU
		{AF2084FD-CB15-41F8-8DD9-2C1F2CF91936}.Debug|Any CPU.Build.0 = Debug|Any CPU
		{AF2084FD-CB15-41F8-8DD9-2C1F2CF91936}.Debug|Mixed Platforms.ActiveCfg = Debug|Any CPU
		{AF2084FD-CB15-41F8-8DD9-2C1F2CF91936}.Debug|Mixed Platforms.Build.0 = Debug|Any CPU
		{AF2084FD-CB15-41F8-8DD9-2C1F2CF91936}.Debug|Win32.ActiveCfg = Debug|Any CPU
		{AF2084FD-CB15-41F8-8DD9-2C1F2CF91936}.Release|Any CPU.ActiveCfg = Release|Any CPU
		{AF2084FD-CB15-41F8-8DD9-2C1F2CF91936}.Release|Any CPU.Build.0 = Release|Any CPU
		{AF2084FD-CB15-41F8-8DD9-2C1F2CF91936}.Release|Mixed Platforms.ActiveCfg = Release|Any CPU
		{AF2084FD-CB15-41F8-8DD9-2C1F2CF91936}.Release|Mixed Platforms.Build.0 = Release|Any CPU
		{AF2084FD-CB15-41F8-8DD9-2C1F2CF91936}.Release|Win32.ActiveCfg = Release|Any CPU
		{48CE2202-E92D-4D4A-88B9-5A8E08902213}.Debug|Any CPU.ActiveCfg = Debug|Any CPU
		{48CE2202-E92D-4D4A-88B9-5A8E08902213}.Debug|Any CPU.Build.0 = Debug|Any CPU
		{48CE2202-E92D-4D4A-88B9-5A8E08902213}.Debug|Mixed Platforms.ActiveCfg = Debug|Any CPU
		{48CE2202-E92D-4D4A-88B9-5A8E08902213}.Debug|Mixed Platforms.Build.0 = Debug|Any CPU
		{48CE2202-E92D-4D4A-88B9-5A8E08902213}.Debug|Win32.ActiveCfg = Debug|Any CPU
		{48CE2202-E92D-4D4A-88B9-5A8E08902213}.Release|Any CPU.ActiveCfg = Release|Any CPU
		{48CE2202-E92D-4D4A-88B9-5A8E08902213}.Release|Any CPU.Build.0 = Release|Any CPU
		{48CE2202-E92D-4D4A-88B9-5A8E08902213}.Release|Mixed Platforms.ActiveCfg = Release|Any CPU
		{48CE2202-E92D-4D4A-88B9-5A8E08902213}.Release|Mixed Platforms.Build.0 = Release|Any CPU
		{48CE2202-E92D-4D4A-88B9-5A8E08902213}.Release|Win32.ActiveCfg = Release|Any CPU
		{A416AAFF-8947-4712-B322-BF43072B41A9}.Debug|Any CPU.ActiveCfg = Debug|Any CPU
		{A416AAFF-8947-4712-B322-BF43072B41A9}.Debug|Any CPU.Build.0 = Debug|Any CPU
		{A416AAFF-8947-4712-B322-BF43072B41A9}.Debug|Mixed Platforms.ActiveCfg = Debug|Any CPU
		{A416AAFF-8947-4712-B322-BF43072B41A9}.Debug|Mixed Platforms.Build.0 = Debug|Any CPU
		{A416AAFF-8947-4712-B322-BF43072B41A9}.Debug|Win32.ActiveCfg = Debug|Any CPU
		{A416AAFF-8947-4712-B322-BF43072B41A9}.Release|Any CPU.ActiveCfg = Release|Any CPU
		{A416AAFF-8947-4712-B322-BF43072B41A9}.Release|Any CPU.Build.0 = Release|Any CPU
		{A416AAFF-8947-4712-B322-BF43072B41A9}.Release|Mixed Platforms.ActiveCfg = Release|Any CPU
		{A416AAFF-8947-4712-B322-BF43072B41A9}.Release|Mixed Platforms.Build.0 = Release|Any CPU
		{A416AAFF-8947-4712-B322-BF43072B41A9}.Release|Win32.ActiveCfg = Release|Any CPU
		{3BA5F3C3-0CF4-4658-85FC-057B8E404345}.Debug|Any CPU.ActiveCfg = Debug|Any CPU
		{3BA5F3C3-0CF4-4658-85FC-057B8E404345}.Debug|Any CPU.Build.0 = Debug|Any CPU
		{3BA5F3C3-0CF4-4658-85FC-057B8E404345}.Debug|Mixed Platforms.ActiveCfg = Debug|Any CPU
		{3BA5F3C3-0CF4-4658-85FC-057B8E404345}.Debug|Mixed Platforms.Build.0 = Debug|Any CPU
		{3BA5F3C3-0CF4-4658-85FC-057B8E404345}.Debug|Win32.ActiveCfg = Debug|Any CPU
		{3BA5F3C3-0CF4-4658-85FC-057B8E404345}.Release|Any CPU.ActiveCfg = Release|Any CPU
		{3BA5F3C3-0CF4-4658-85FC-057B8E404345}.Release|Any CPU.Build.0 = Release|Any CPU
		{3BA5F3C3-0CF4-4658-85FC-057B8E404345}.Release|Mixed Platforms.ActiveCfg = Release|Any CPU
		{3BA5F3C3-0CF4-4658-85FC-057B8E404345}.Release|Mixed Platforms.Build.0 = Release|Any CPU
		{3BA5F3C3-0CF4-4658-85FC-057B8E404345}.Release|Win32.ActiveCfg = Release|Any CPU
		{A4BF1F12-3684-4973-AFB3-F384675DC1CE}.Debug|Any CPU.ActiveCfg = Debug|Any CPU
		{A4BF1F12-3684-4973-AFB3-F384675DC1CE}.Debug|Any CPU.Build.0 = Debug|Any CPU
		{A4BF1F12-3684-4973-AFB3-F384675DC1CE}.Debug|Mixed Platforms.ActiveCfg = Debug|Any CPU
		{A4BF1F12-3684-4973-AFB3-F384675DC1CE}.Debug|Mixed Platforms.Build.0 = Debug|Any CPU
		{A4BF1F12-3684-4973-AFB3-F384675DC1CE}.Debug|Win32.ActiveCfg = Debug|Any CPU
		{A4BF1F12-3684-4973-AFB3-F384675DC1CE}.Release|Any CPU.ActiveCfg = Release|Any CPU
		{A4BF1F12-3684-4973-AFB3-F384675DC1CE}.Release|Any CPU.Build.0 = Release|Any CPU
		{A4BF1F12-3684-4973-AFB3-F384675DC1CE}.Release|Mixed Platforms.ActiveCfg = Release|Any CPU
		{A4BF1F12-3684-4973-AFB3-F384675DC1CE}.Release|Mixed Platforms.Build.0 = Release|Any CPU
		{A4BF1F12-3684-4973-AFB3-F384675DC1CE}.Release|Win32.ActiveCfg = Release|Any CPU
		{CA916288-59D2-4325-B79F-B29E662A190E}.Debug|Any CPU.ActiveCfg = Debug|Any CPU
		{CA916288-59D2-4325-B79F-B29E662A190E}.Debug|Any CPU.Build.0 = Debug|Any CPU
		{CA916288-59D2-4325-B79F-B29E662A190E}.Debug|Mixed Platforms.ActiveCfg = Debug|Any CPU
		{CA916288-59D2-4325-B79F-B29E662A190E}.Debug|Mixed Platforms.Build.0 = Debug|Any CPU
		{CA916288-59D2-4325-B79F-B29E662A190E}.Debug|Win32.ActiveCfg = Debug|Any CPU
		{CA916288-59D2-4325-B79F-B29E662A190E}.Release|Any CPU.ActiveCfg = Release|Any CPU
		{CA916288-59D2-4325-B79F-B29E662A190E}.Release|Any CPU.Build.0 = Release|Any CPU
		{CA916288-59D2-4325-B79F-B29E662A190E}.Release|Mixed Platforms.ActiveCfg = Release|Any CPU
		{CA916288-59D2-4325-B79F-B29E662A190E}.Release|Mixed Platforms.Build.0 = Release|Any CPU
		{CA916288-59D2-4325-B79F-B29E662A190E}.Release|Win32.ActiveCfg = Release|Any CPU
		{239C130A-759A-405D-AD00-14077BA47980}.Debug|Any CPU.ActiveCfg = Debug|Any CPU
		{239C130A-759A-405D-AD00-14077BA47980}.Debug|Any CPU.Build.0 = Debug|Any CPU
		{239C130A-759A-405D-AD00-14077BA47980}.Debug|Mixed Platforms.ActiveCfg = Debug|Any CPU
		{239C130A-759A-405D-AD00-14077BA47980}.Debug|Mixed Platforms.Build.0 = Debug|Any CPU
		{239C130A-759A-405D-AD00-14077BA47980}.Debug|Win32.ActiveCfg = Debug|Any CPU
		{239C130A-759A-405D-AD00-14077BA47980}.Release|Any CPU.ActiveCfg = Release|Any CPU
		{239C130A-759A-405D-AD00-14077BA47980}.Release|Any CPU.Build.0 = Release|Any CPU
		{239C130A-759A-405D-AD00-14077BA47980}.Release|Mixed Platforms.ActiveCfg = Release|Any CPU
		{239C130A-759A-405D-AD00-14077BA47980}.Release|Mixed Platforms.Build.0 = Release|Any CPU
		{239C130A-759A-405D-AD00-14077BA47980}.Release|Win32.ActiveCfg = Release|Any CPU
		{057D45AD-4BEF-4013-A452-99D021FF426C}.Debug|Any CPU.ActiveCfg = Debug|Any CPU
		{057D45AD-4BEF-4013-A452-99D021FF426C}.Debug|Any CPU.Build.0 = Debug|Any CPU
		{057D45AD-4BEF-4013-A452-99D021FF426C}.Debug|Mixed Platforms.ActiveCfg = Debug|Any CPU
		{057D45AD-4BEF-4013-A452-99D021FF426C}.Debug|Mixed Platforms.Build.0 = Debug|Any CPU
		{057D45AD-4BEF-4013-A452-99D021FF426C}.Debug|Win32.ActiveCfg = Debug|Any CPU
		{057D45AD-4BEF-4013-A452-99D021FF426C}.Release|Any CPU.ActiveCfg = Release|Any CPU
		{057D45AD-4BEF-4013-A452-99D021FF426C}.Release|Any CPU.Build.0 = Release|Any CPU
		{057D45AD-4BEF-4013-A452-99D021FF426C}.Release|Mixed Platforms.ActiveCfg = Release|Any CPU
		{057D45AD-4BEF-4013-A452-99D021FF426C}.Release|Mixed Platforms.Build.0 = Release|Any CPU
		{057D45AD-4BEF-4013-A452-99D021FF426C}.Release|Win32.ActiveCfg = Release|Any CPU
		{34F70D37-B767-49B4-8353-A9945A5CD19E}.Debug|Any CPU.ActiveCfg = Debug|Any CPU
		{34F70D37-B767-49B4-8353-A9945A5CD19E}.Debug|Any CPU.Build.0 = Debug|Any CPU
		{34F70D37-B767-49B4-8353-A9945A5CD19E}.Debug|Mixed Platforms.ActiveCfg = Debug|Any CPU
		{34F70D37-B767-49B4-8353-A9945A5CD19E}.Debug|Mixed Platforms.Build.0 = Debug|Any CPU
		{34F70D37-B767-49B4-8353-A9945A5CD19E}.Debug|Win32.ActiveCfg = Debug|Any CPU
		{34F70D37-B767-49B4-8353-A9945A5CD19E}.Release|Any CPU.ActiveCfg = Release|Any CPU
		{34F70D37-B767-49B4-8353-A9945A5CD19E}.Release|Any CPU.Build.0 = Release|Any CPU
		{34F70D37-B767-49B4-8353-A9945A5CD19E}.Release|Mixed Platforms.ActiveCfg = Release|Any CPU
		{34F70D37-B767-49B4-8353-A9945A5CD19E}.Release|Mixed Platforms.Build.0 = Release|Any CPU
		{34F70D37-B767-49B4-8353-A9945A5CD19E}.Release|Win32.ActiveCfg = Release|Any CPU
		{95D8E9C6-115C-4139-9103-37FC6AE0B4D2}.Debug|Any CPU.ActiveCfg = Debug|Any CPU
		{95D8E9C6-115C-4139-9103-37FC6AE0B4D2}.Debug|Any CPU.Build.0 = Debug|Any CPU
		{95D8E9C6-115C-4139-9103-37FC6AE0B4D2}.Debug|Mixed Platforms.ActiveCfg = Debug|Any CPU
		{95D8E9C6-115C-4139-9103-37FC6AE0B4D2}.Debug|Mixed Platforms.Build.0 = Debug|Any CPU
		{95D8E9C6-115C-4139-9103-37FC6AE0B4D2}.Debug|Win32.ActiveCfg = Debug|Any CPU
		{95D8E9C6-115C-4139-9103-37FC6AE0B4D2}.Release|Any CPU.ActiveCfg = Release|Any CPU
		{95D8E9C6-115C-4139-9103-37FC6AE0B4D2}.Release|Any CPU.Build.0 = Release|Any CPU
		{95D8E9C6-115C-4139-9103-37FC6AE0B4D2}.Release|Mixed Platforms.ActiveCfg = Release|Any CPU
		{95D8E9C6-115C-4139-9103-37FC6AE0B4D2}.Release|Mixed Platforms.Build.0 = Release|Any CPU
		{95D8E9C6-115C-4139-9103-37FC6AE0B4D2}.Release|Win32.ActiveCfg = Release|Any CPU
		{131BA8AC-CFF5-469E-833F-52A76A449345}.Debug|Any CPU.ActiveCfg = Debug|Any CPU
		{131BA8AC-CFF5-469E-833F-52A76A449345}.Debug|Any CPU.Build.0 = Debug|Any CPU
		{131BA8AC-CFF5-469E-833F-52A76A449345}.Debug|Mixed Platforms.ActiveCfg = Debug|Any CPU
		{131BA8AC-CFF5-469E-833F-52A76A449345}.Debug|Mixed Platforms.Build.0 = Debug|Any CPU
		{131BA8AC-CFF5-469E-833F-52A76A449345}.Debug|Win32.ActiveCfg = Debug|Any CPU
		{131BA8AC-CFF5-469E-833F-52A76A449345}.Release|Any CPU.ActiveCfg = Release|Any CPU
		{131BA8AC-CFF5-469E-833F-52A76A449345}.Release|Any CPU.Build.0 = Release|Any CPU
		{131BA8AC-CFF5-469E-833F-52A76A449345}.Release|Mixed Platforms.ActiveCfg = Release|Any CPU
		{131BA8AC-CFF5-469E-833F-52A76A449345}.Release|Mixed Platforms.Build.0 = Release|Any CPU
		{131BA8AC-CFF5-469E-833F-52A76A449345}.Release|Win32.ActiveCfg = Release|Any CPU
		{901C09F2-76F7-4DC3-ADE4-A7E3144F9E46}.Debug|Any CPU.ActiveCfg = Debug|Any CPU
		{901C09F2-76F7-4DC3-ADE4-A7E3144F9E46}.Debug|Any CPU.Build.0 = Debug|Any CPU
		{901C09F2-76F7-4DC3-ADE4-A7E3144F9E46}.Debug|Mixed Platforms.ActiveCfg = Debug|Any CPU
		{901C09F2-76F7-4DC3-ADE4-A7E3144F9E46}.Debug|Mixed Platforms.Build.0 = Debug|Any CPU
		{901C09F2-76F7-4DC3-ADE4-A7E3144F9E46}.Debug|Win32.ActiveCfg = Debug|Any CPU
		{901C09F2-76F7-4DC3-ADE4-A7E3144F9E46}.Release|Any CPU.ActiveCfg = Release|Any CPU
		{901C09F2-76F7-4DC3-ADE4-A7E3144F9E46}.Release|Any CPU.Build.0 = Release|Any CPU
		{901C09F2-76F7-4DC3-ADE4-A7E3144F9E46}.Release|Mixed Platforms.ActiveCfg = Release|Any CPU
		{901C09F2-76F7-4DC3-ADE4-A7E3144F9E46}.Release|Mixed Platforms.Build.0 = Release|Any CPU
		{901C09F2-76F7-4DC3-ADE4-A7E3144F9E46}.Release|Win32.ActiveCfg = Release|Any CPU
		{ED0CF1A5-4F03-4950-B167-78D4E1A83129}.Debug|Any CPU.ActiveCfg = Debug|Any CPU
		{ED0CF1A5-4F03-4950-B167-78D4E1A83129}.Debug|Any CPU.Build.0 = Debug|Any CPU
		{ED0CF1A5-4F03-4950-B167-78D4E1A83129}.Debug|Mixed Platforms.ActiveCfg = Debug|Any CPU
		{ED0CF1A5-4F03-4950-B167-78D4E1A83129}.Debug|Mixed Platforms.Build.0 = Debug|Any CPU
		{ED0CF1A5-4F03-4950-B167-78D4E1A83129}.Debug|Win32.ActiveCfg = Debug|Any CPU
		{ED0CF1A5-4F03-4950-B167-78D4E1A83129}.Release|Any CPU.ActiveCfg = Release|Any CPU
		{ED0CF1A5-4F03-4950-B167-78D4E1A83129}.Release|Any CPU.Build.0 = Release|Any CPU
		{ED0CF1A5-4F03-4950-B167-78D4E1A83129}.Release|Mixed Platforms.ActiveCfg = Release|Any CPU
		{ED0CF1A5-4F03-4950-B167-78D4E1A83129}.Release|Mixed Platforms.Build.0 = Release|Any CPU
		{ED0CF1A5-4F03-4950-B167-78D4E1A83129}.Release|Win32.ActiveCfg = Release|Any CPU
		{2BED243D-CCAC-4491-93E1-AFCC2B86D8B2}.Debug|Any CPU.ActiveCfg = Debug|Any CPU
		{2BED243D-CCAC-4491-93E1-AFCC2B86D8B2}.Debug|Any CPU.Build.0 = Debug|Any CPU
		{2BED243D-CCAC-4491-93E1-AFCC2B86D8B2}.Debug|Mixed Platforms.ActiveCfg = Debug|Any CPU
		{2BED243D-CCAC-4491-93E1-AFCC2B86D8B2}.Debug|Mixed Platforms.Build.0 = Debug|Any CPU
		{2BED243D-CCAC-4491-93E1-AFCC2B86D8B2}.Debug|Win32.ActiveCfg = Debug|Any CPU
		{2BED243D-CCAC-4491-93E1-AFCC2B86D8B2}.Release|Any CPU.ActiveCfg = Release|Any CPU
		{2BED243D-CCAC-4491-93E1-AFCC2B86D8B2}.Release|Any CPU.Build.0 = Release|Any CPU
		{2BED243D-CCAC-4491-93E1-AFCC2B86D8B2}.Release|Mixed Platforms.ActiveCfg = Release|Any CPU
		{2BED243D-CCAC-4491-93E1-AFCC2B86D8B2}.Release|Mixed Platforms.Build.0 = Release|Any CPU
		{2BED243D-CCAC-4491-93E1-AFCC2B86D8B2}.Release|Win32.ActiveCfg = Release|Any CPU
		{BD85AFCC-C0BE-487E-94CE-08A43F9037CB}.Debug|Any CPU.ActiveCfg = Debug|Any CPU
		{BD85AFCC-C0BE-487E-94CE-08A43F9037CB}.Debug|Any CPU.Build.0 = Debug|Any CPU
		{BD85AFCC-C0BE-487E-94CE-08A43F9037CB}.Debug|Mixed Platforms.ActiveCfg = Debug|Any CPU
		{BD85AFCC-C0BE-487E-94CE-08A43F9037CB}.Debug|Mixed Platforms.Build.0 = Debug|Any CPU
		{BD85AFCC-C0BE-487E-94CE-08A43F9037CB}.Debug|Win32.ActiveCfg = Debug|Any CPU
		{BD85AFCC-C0BE-487E-94CE-08A43F9037CB}.Release|Any CPU.ActiveCfg = Release|Any CPU
		{BD85AFCC-C0BE-487E-94CE-08A43F9037CB}.Release|Any CPU.Build.0 = Release|Any CPU
		{BD85AFCC-C0BE-487E-94CE-08A43F9037CB}.Release|Mixed Platforms.ActiveCfg = Release|Any CPU
		{BD85AFCC-C0BE-487E-94CE-08A43F9037CB}.Release|Mixed Platforms.Build.0 = Release|Any CPU
		{BD85AFCC-C0BE-487E-94CE-08A43F9037CB}.Release|Win32.ActiveCfg = Release|Any CPU
		{5E629907-359A-4ADC-B139-15569B4B8ABC}.Debug|Any CPU.ActiveCfg = Debug|Any CPU
		{5E629907-359A-4ADC-B139-15569B4B8ABC}.Debug|Any CPU.Build.0 = Debug|Any CPU
		{5E629907-359A-4ADC-B139-15569B4B8ABC}.Debug|Mixed Platforms.ActiveCfg = Debug|Any CPU
		{5E629907-359A-4ADC-B139-15569B4B8ABC}.Debug|Mixed Platforms.Build.0 = Debug|Any CPU
		{5E629907-359A-4ADC-B139-15569B4B8ABC}.Debug|Win32.ActiveCfg = Debug|Any CPU
		{5E629907-359A-4ADC-B139-15569B4B8ABC}.Release|Any CPU.ActiveCfg = Release|Any CPU
		{5E629907-359A-4ADC-B139-15569B4B8ABC}.Release|Any CPU.Build.0 = Release|Any CPU
		{5E629907-359A-4ADC-B139-15569B4B8ABC}.Release|Mixed Platforms.ActiveCfg = Release|Any CPU
		{5E629907-359A-4ADC-B139-15569B4B8ABC}.Release|Mixed Platforms.Build.0 = Release|Any CPU
		{5E629907-359A-4ADC-B139-15569B4B8ABC}.Release|Win32.ActiveCfg = Release|Any CPU
		{886D5527-864F-4209-9CE1-2ABD10992B82}.Debug|Any CPU.ActiveCfg = Debug|Any CPU
		{886D5527-864F-4209-9CE1-2ABD10992B82}.Debug|Any CPU.Build.0 = Debug|Any CPU
		{886D5527-864F-4209-9CE1-2ABD10992B82}.Debug|Mixed Platforms.ActiveCfg = Debug|Any CPU
		{886D5527-864F-4209-9CE1-2ABD10992B82}.Debug|Mixed Platforms.Build.0 = Debug|Any CPU
		{886D5527-864F-4209-9CE1-2ABD10992B82}.Debug|Win32.ActiveCfg = Debug|Any CPU
		{886D5527-864F-4209-9CE1-2ABD10992B82}.Release|Any CPU.ActiveCfg = Release|Any CPU
		{886D5527-864F-4209-9CE1-2ABD10992B82}.Release|Any CPU.Build.0 = Release|Any CPU
		{886D5527-864F-4209-9CE1-2ABD10992B82}.Release|Mixed Platforms.ActiveCfg = Release|Any CPU
		{886D5527-864F-4209-9CE1-2ABD10992B82}.Release|Mixed Platforms.Build.0 = Release|Any CPU
		{886D5527-864F-4209-9CE1-2ABD10992B82}.Release|Win32.ActiveCfg = Release|Any CPU
		{B8F2C6A6-C501-4AE7-B649-F04897E440E4}.Debug|Any CPU.ActiveCfg = Debug|Any CPU
		{B8F2C6A6-C501-4AE7-B649-F04897E440E4}.Debug|Any CPU.Build.0 = Debug|Any CPU
		{B8F2C6A6-C501-4AE7-B649-F04897E440E4}.Debug|Mixed Platforms.ActiveCfg = Debug|Any CPU
		{B8F2C6A6-C501-4AE7-B649-F04897E440E4}.Debug|Mixed Platforms.Build.0 = Debug|Any CPU
		{B8F2C6A6-C501-4AE7-B649-F04897E440E4}.Debug|Win32.ActiveCfg = Debug|Any CPU
		{B8F2C6A6-C501-4AE7-B649-F04897E440E4}.Release|Any CPU.ActiveCfg = Release|Any CPU
		{B8F2C6A6-C501-4AE7-B649-F04897E440E4}.Release|Any CPU.Build.0 = Release|Any CPU
		{B8F2C6A6-C501-4AE7-B649-F04897E440E4}.Release|Mixed Platforms.ActiveCfg = Release|Any CPU
		{B8F2C6A6-C501-4AE7-B649-F04897E440E4}.Release|Mixed Platforms.Build.0 = Release|Any CPU
		{B8F2C6A6-C501-4AE7-B649-F04897E440E4}.Release|Win32.ActiveCfg = Release|Any CPU
		{66107A12-1DD4-414A-8D00-A9CF6ADCFF8F}.Debug|Any CPU.ActiveCfg = Debug|Any CPU
		{66107A12-1DD4-414A-8D00-A9CF6ADCFF8F}.Debug|Any CPU.Build.0 = Debug|Any CPU
		{66107A12-1DD4-414A-8D00-A9CF6ADCFF8F}.Debug|Mixed Platforms.ActiveCfg = Debug|Any CPU
		{66107A12-1DD4-414A-8D00-A9CF6ADCFF8F}.Debug|Mixed Platforms.Build.0 = Debug|Any CPU
		{66107A12-1DD4-414A-8D00-A9CF6ADCFF8F}.Debug|Win32.ActiveCfg = Debug|Any CPU
		{66107A12-1DD4-414A-8D00-A9CF6ADCFF8F}.Release|Any CPU.ActiveCfg = Release|Any CPU
		{66107A12-1DD4-414A-8D00-A9CF6ADCFF8F}.Release|Any CPU.Build.0 = Release|Any CPU
		{66107A12-1DD4-414A-8D00-A9CF6ADCFF8F}.Release|Mixed Platforms.ActiveCfg = Release|Any CPU
		{66107A12-1DD4-414A-8D00-A9CF6ADCFF8F}.Release|Mixed Platforms.Build.0 = Release|Any CPU
		{66107A12-1DD4-414A-8D00-A9CF6ADCFF8F}.Release|Win32.ActiveCfg = Release|Any CPU
		{AFEE5707-1F31-4E0A-900F-C9708D132B25}.Debug|Any CPU.ActiveCfg = Debug|Any CPU
		{AFEE5707-1F31-4E0A-900F-C9708D132B25}.Debug|Any CPU.Build.0 = Debug|Any CPU
		{AFEE5707-1F31-4E0A-900F-C9708D132B25}.Debug|Mixed Platforms.ActiveCfg = Debug|Any CPU
		{AFEE5707-1F31-4E0A-900F-C9708D132B25}.Debug|Mixed Platforms.Build.0 = Debug|Any CPU
		{AFEE5707-1F31-4E0A-900F-C9708D132B25}.Debug|Win32.ActiveCfg = Debug|Any CPU
		{AFEE5707-1F31-4E0A-900F-C9708D132B25}.Release|Any CPU.ActiveCfg = Release|Any CPU
		{AFEE5707-1F31-4E0A-900F-C9708D132B25}.Release|Any CPU.Build.0 = Release|Any CPU
		{AFEE5707-1F31-4E0A-900F-C9708D132B25}.Release|Mixed Platforms.ActiveCfg = Release|Any CPU
		{AFEE5707-1F31-4E0A-900F-C9708D132B25}.Release|Mixed Platforms.Build.0 = Release|Any CPU
		{AFEE5707-1F31-4E0A-900F-C9708D132B25}.Release|Win32.ActiveCfg = Release|Any CPU
		{42427B9A-F5F2-4A92-BB1B-456C34CB00EE}.Debug|Any CPU.ActiveCfg = Debug|Any CPU
		{42427B9A-F5F2-4A92-BB1B-456C34CB00EE}.Debug|Any CPU.Build.0 = Debug|Any CPU
		{42427B9A-F5F2-4A92-BB1B-456C34CB00EE}.Debug|Mixed Platforms.ActiveCfg = Debug|Any CPU
		{42427B9A-F5F2-4A92-BB1B-456C34CB00EE}.Debug|Mixed Platforms.Build.0 = Debug|Any CPU
		{42427B9A-F5F2-4A92-BB1B-456C34CB00EE}.Debug|Win32.ActiveCfg = Debug|Any CPU
		{42427B9A-F5F2-4A92-BB1B-456C34CB00EE}.Release|Any CPU.ActiveCfg = Release|Any CPU
		{42427B9A-F5F2-4A92-BB1B-456C34CB00EE}.Release|Any CPU.Build.0 = Release|Any CPU
		{42427B9A-F5F2-4A92-BB1B-456C34CB00EE}.Release|Mixed Platforms.ActiveCfg = Release|Any CPU
		{42427B9A-F5F2-4A92-BB1B-456C34CB00EE}.Release|Mixed Platforms.Build.0 = Release|Any CPU
		{42427B9A-F5F2-4A92-BB1B-456C34CB00EE}.Release|Win32.ActiveCfg = Release|Any CPU
		{43C0823F-C9DF-4CD0-80F1-23EABE7CF571}.Debug|Any CPU.ActiveCfg = Debug|Any CPU
		{43C0823F-C9DF-4CD0-80F1-23EABE7CF571}.Debug|Any CPU.Build.0 = Debug|Any CPU
		{43C0823F-C9DF-4CD0-80F1-23EABE7CF571}.Debug|Mixed Platforms.ActiveCfg = Debug|Any CPU
		{43C0823F-C9DF-4CD0-80F1-23EABE7CF571}.Debug|Mixed Platforms.Build.0 = Debug|Any CPU
		{43C0823F-C9DF-4CD0-80F1-23EABE7CF571}.Debug|Win32.ActiveCfg = Debug|Any CPU
		{43C0823F-C9DF-4CD0-80F1-23EABE7CF571}.Release|Any CPU.ActiveCfg = Release|Any CPU
		{43C0823F-C9DF-4CD0-80F1-23EABE7CF571}.Release|Any CPU.Build.0 = Release|Any CPU
		{43C0823F-C9DF-4CD0-80F1-23EABE7CF571}.Release|Mixed Platforms.ActiveCfg = Release|Any CPU
		{43C0823F-C9DF-4CD0-80F1-23EABE7CF571}.Release|Mixed Platforms.Build.0 = Release|Any CPU
		{43C0823F-C9DF-4CD0-80F1-23EABE7CF571}.Release|Win32.ActiveCfg = Release|Any CPU
		{48D6B04D-4CC2-44F9-BC7D-0726A330B193}.Debug|Any CPU.ActiveCfg = Debug|Any CPU
		{48D6B04D-4CC2-44F9-BC7D-0726A330B193}.Debug|Any CPU.Build.0 = Debug|Any CPU
		{48D6B04D-4CC2-44F9-BC7D-0726A330B193}.Debug|Mixed Platforms.ActiveCfg = Debug|Any CPU
		{48D6B04D-4CC2-44F9-BC7D-0726A330B193}.Debug|Mixed Platforms.Build.0 = Debug|Any CPU
		{48D6B04D-4CC2-44F9-BC7D-0726A330B193}.Debug|Win32.ActiveCfg = Debug|Any CPU
		{48D6B04D-4CC2-44F9-BC7D-0726A330B193}.Release|Any CPU.ActiveCfg = Release|Any CPU
		{48D6B04D-4CC2-44F9-BC7D-0726A330B193}.Release|Any CPU.Build.0 = Release|Any CPU
		{48D6B04D-4CC2-44F9-BC7D-0726A330B193}.Release|Mixed Platforms.ActiveCfg = Release|Any CPU
		{48D6B04D-4CC2-44F9-BC7D-0726A330B193}.Release|Mixed Platforms.Build.0 = Release|Any CPU
		{48D6B04D-4CC2-44F9-BC7D-0726A330B193}.Release|Win32.ActiveCfg = Release|Any CPU
		{931387F9-4DA2-4465-A477-EDBA2861EB5A}.Debug|Any CPU.ActiveCfg = Debug|Any CPU
		{931387F9-4DA2-4465-A477-EDBA2861EB5A}.Debug|Any CPU.Build.0 = Debug|Any CPU
		{931387F9-4DA2-4465-A477-EDBA2861EB5A}.Debug|Mixed Platforms.ActiveCfg = Debug|Any CPU
		{931387F9-4DA2-4465-A477-EDBA2861EB5A}.Debug|Mixed Platforms.Build.0 = Debug|Any CPU
		{931387F9-4DA2-4465-A477-EDBA2861EB5A}.Debug|Win32.ActiveCfg = Debug|Any CPU
		{931387F9-4DA2-4465-A477-EDBA2861EB5A}.Release|Any CPU.ActiveCfg = Release|Any CPU
		{931387F9-4DA2-4465-A477-EDBA2861EB5A}.Release|Any CPU.Build.0 = Release|Any CPU
		{931387F9-4DA2-4465-A477-EDBA2861EB5A}.Release|Mixed Platforms.ActiveCfg = Release|Any CPU
		{931387F9-4DA2-4465-A477-EDBA2861EB5A}.Release|Mixed Platforms.Build.0 = Release|Any CPU
		{931387F9-4DA2-4465-A477-EDBA2861EB5A}.Release|Win32.ActiveCfg = Release|Any CPU
		{4DEE2131-2F73-4C36-B94C-14C7DE1EB5A9}.Debug|Any CPU.ActiveCfg = Debug|Any CPU
		{4DEE2131-2F73-4C36-B94C-14C7DE1EB5A9}.Debug|Any CPU.Build.0 = Debug|Any CPU
		{4DEE2131-2F73-4C36-B94C-14C7DE1EB5A9}.Debug|Mixed Platforms.ActiveCfg = Debug|Any CPU
		{4DEE2131-2F73-4C36-B94C-14C7DE1EB5A9}.Debug|Mixed Platforms.Build.0 = Debug|Any CPU
		{4DEE2131-2F73-4C36-B94C-14C7DE1EB5A9}.Debug|Win32.ActiveCfg = Debug|Any CPU
		{4DEE2131-2F73-4C36-B94C-14C7DE1EB5A9}.Release|Any CPU.ActiveCfg = Release|Any CPU
		{4DEE2131-2F73-4C36-B94C-14C7DE1EB5A9}.Release|Any CPU.Build.0 = Release|Any CPU
		{4DEE2131-2F73-4C36-B94C-14C7DE1EB5A9}.Release|Mixed Platforms.ActiveCfg = Release|Any CPU
		{4DEE2131-2F73-4C36-B94C-14C7DE1EB5A9}.Release|Mixed Platforms.Build.0 = Release|Any CPU
		{4DEE2131-2F73-4C36-B94C-14C7DE1EB5A9}.Release|Win32.ActiveCfg = Release|Any CPU
		{FAC4AFBB-E45F-4124-9336-52278C567E2F}.Debug|Any CPU.ActiveCfg = Debug|Any CPU
		{FAC4AFBB-E45F-4124-9336-52278C567E2F}.Debug|Any CPU.Build.0 = Debug|Any CPU
		{FAC4AFBB-E45F-4124-9336-52278C567E2F}.Debug|Mixed Platforms.ActiveCfg = Debug|Any CPU
		{FAC4AFBB-E45F-4124-9336-52278C567E2F}.Debug|Mixed Platforms.Build.0 = Debug|Any CPU
		{FAC4AFBB-E45F-4124-9336-52278C567E2F}.Debug|Win32.ActiveCfg = Debug|Any CPU
		{FAC4AFBB-E45F-4124-9336-52278C567E2F}.Release|Any CPU.ActiveCfg = Release|Any CPU
		{FAC4AFBB-E45F-4124-9336-52278C567E2F}.Release|Any CPU.Build.0 = Release|Any CPU
		{FAC4AFBB-E45F-4124-9336-52278C567E2F}.Release|Mixed Platforms.ActiveCfg = Release|Any CPU
		{FAC4AFBB-E45F-4124-9336-52278C567E2F}.Release|Mixed Platforms.Build.0 = Release|Any CPU
		{FAC4AFBB-E45F-4124-9336-52278C567E2F}.Release|Win32.ActiveCfg = Release|Any CPU
		{768B9732-F0F5-45F3-9C51-0A43F6C18E23}.Debug|Any CPU.ActiveCfg = Debug|Any CPU
		{768B9732-F0F5-45F3-9C51-0A43F6C18E23}.Debug|Any CPU.Build.0 = Debug|Any CPU
		{768B9732-F0F5-45F3-9C51-0A43F6C18E23}.Debug|Mixed Platforms.ActiveCfg = Debug|Any CPU
		{768B9732-F0F5-45F3-9C51-0A43F6C18E23}.Debug|Mixed Platforms.Build.0 = Debug|Any CPU
		{768B9732-F0F5-45F3-9C51-0A43F6C18E23}.Debug|Win32.ActiveCfg = Debug|Any CPU
		{768B9732-F0F5-45F3-9C51-0A43F6C18E23}.Release|Any CPU.ActiveCfg = Release|Any CPU
		{768B9732-F0F5-45F3-9C51-0A43F6C18E23}.Release|Any CPU.Build.0 = Release|Any CPU
		{768B9732-F0F5-45F3-9C51-0A43F6C18E23}.Release|Mixed Platforms.ActiveCfg = Release|Any CPU
		{768B9732-F0F5-45F3-9C51-0A43F6C18E23}.Release|Mixed Platforms.Build.0 = Release|Any CPU
		{768B9732-F0F5-45F3-9C51-0A43F6C18E23}.Release|Win32.ActiveCfg = Release|Any CPU
		{E9EE4FA6-E0EB-4DB4-90AD-4DA276D41BBA}.Debug|Any CPU.ActiveCfg = Debug|Any CPU
		{E9EE4FA6-E0EB-4DB4-90AD-4DA276D41BBA}.Debug|Any CPU.Build.0 = Debug|Any CPU
		{E9EE4FA6-E0EB-4DB4-90AD-4DA276D41BBA}.Debug|Mixed Platforms.ActiveCfg = Debug|Any CPU
		{E9EE4FA6-E0EB-4DB4-90AD-4DA276D41BBA}.Debug|Mixed Platforms.Build.0 = Debug|Any CPU
		{E9EE4FA6-E0EB-4DB4-90AD-4DA276D41BBA}.Debug|Win32.ActiveCfg = Debug|Any CPU
		{E9EE4FA6-E0EB-4DB4-90AD-4DA276D41BBA}.Release|Any CPU.ActiveCfg = Release|Any CPU
		{E9EE4FA6-E0EB-4DB4-90AD-4DA276D41BBA}.Release|Any CPU.Build.0 = Release|Any CPU
		{E9EE4FA6-E0EB-4DB4-90AD-4DA276D41BBA}.Release|Mixed Platforms.ActiveCfg = Release|Any CPU
		{E9EE4FA6-E0EB-4DB4-90AD-4DA276D41BBA}.Release|Mixed Platforms.Build.0 = Release|Any CPU
		{E9EE4FA6-E0EB-4DB4-90AD-4DA276D41BBA}.Release|Win32.ActiveCfg = Release|Any CPU
		{65674471-E36B-4112-9BD0-2852B049CB96}.Debug|Any CPU.ActiveCfg = Debug|Any CPU
		{65674471-E36B-4112-9BD0-2852B049CB96}.Debug|Any CPU.Build.0 = Debug|Any CPU
		{65674471-E36B-4112-9BD0-2852B049CB96}.Debug|Mixed Platforms.ActiveCfg = Debug|Any CPU
		{65674471-E36B-4112-9BD0-2852B049CB96}.Debug|Mixed Platforms.Build.0 = Debug|Any CPU
		{65674471-E36B-4112-9BD0-2852B049CB96}.Debug|Win32.ActiveCfg = Debug|Any CPU
		{65674471-E36B-4112-9BD0-2852B049CB96}.Release|Any CPU.ActiveCfg = Release|Any CPU
		{65674471-E36B-4112-9BD0-2852B049CB96}.Release|Any CPU.Build.0 = Release|Any CPU
		{65674471-E36B-4112-9BD0-2852B049CB96}.Release|Mixed Platforms.ActiveCfg = Release|Any CPU
		{65674471-E36B-4112-9BD0-2852B049CB96}.Release|Mixed Platforms.Build.0 = Release|Any CPU
		{65674471-E36B-4112-9BD0-2852B049CB96}.Release|Win32.ActiveCfg = Release|Any CPU
		{BCE65AB9-26ED-4C65-B120-38C7702711D0}.Debug|Any CPU.ActiveCfg = Debug|Any CPU
		{BCE65AB9-26ED-4C65-B120-38C7702711D0}.Debug|Any CPU.Build.0 = Debug|Any CPU
		{BCE65AB9-26ED-4C65-B120-38C7702711D0}.Debug|Mixed Platforms.ActiveCfg = Debug|Any CPU
		{BCE65AB9-26ED-4C65-B120-38C7702711D0}.Debug|Mixed Platforms.Build.0 = Debug|Any CPU
		{BCE65AB9-26ED-4C65-B120-38C7702711D0}.Debug|Win32.ActiveCfg = Debug|Any CPU
		{BCE65AB9-26ED-4C65-B120-38C7702711D0}.Release|Any CPU.ActiveCfg = Release|Any CPU
		{BCE65AB9-26ED-4C65-B120-38C7702711D0}.Release|Any CPU.Build.0 = Release|Any CPU
		{BCE65AB9-26ED-4C65-B120-38C7702711D0}.Release|Mixed Platforms.ActiveCfg = Release|Any CPU
		{BCE65AB9-26ED-4C65-B120-38C7702711D0}.Release|Mixed Platforms.Build.0 = Release|Any CPU
		{BCE65AB9-26ED-4C65-B120-38C7702711D0}.Release|Win32.ActiveCfg = Release|Any CPU
		{A7697314-C5E0-46E2-B9DD-84D022968E20}.Debug|Any CPU.ActiveCfg = Debug|Any CPU
		{A7697314-C5E0-46E2-B9DD-84D022968E20}.Debug|Any CPU.Build.0 = Debug|Any CPU
		{A7697314-C5E0-46E2-B9DD-84D022968E20}.Debug|Mixed Platforms.ActiveCfg = Debug|Any CPU
		{A7697314-C5E0-46E2-B9DD-84D022968E20}.Debug|Mixed Platforms.Build.0 = Debug|Any CPU
		{A7697314-C5E0-46E2-B9DD-84D022968E20}.Debug|Win32.ActiveCfg = Debug|Any CPU
		{A7697314-C5E0-46E2-B9DD-84D022968E20}.Release|Any CPU.ActiveCfg = Release|Any CPU
		{A7697314-C5E0-46E2-B9DD-84D022968E20}.Release|Any CPU.Build.0 = Release|Any CPU
		{A7697314-C5E0-46E2-B9DD-84D022968E20}.Release|Mixed Platforms.ActiveCfg = Release|Any CPU
		{A7697314-C5E0-46E2-B9DD-84D022968E20}.Release|Mixed Platforms.Build.0 = Release|Any CPU
		{A7697314-C5E0-46E2-B9DD-84D022968E20}.Release|Win32.ActiveCfg = Release|Any CPU
		{DC75FA4D-7FBB-48BE-99C4-8708F3624AFE}.Debug|Any CPU.ActiveCfg = Debug|Any CPU
		{DC75FA4D-7FBB-48BE-99C4-8708F3624AFE}.Debug|Any CPU.Build.0 = Debug|Any CPU
		{DC75FA4D-7FBB-48BE-99C4-8708F3624AFE}.Debug|Mixed Platforms.ActiveCfg = Debug|Any CPU
		{DC75FA4D-7FBB-48BE-99C4-8708F3624AFE}.Debug|Mixed Platforms.Build.0 = Debug|Any CPU
		{DC75FA4D-7FBB-48BE-99C4-8708F3624AFE}.Debug|Win32.ActiveCfg = Debug|Any CPU
		{DC75FA4D-7FBB-48BE-99C4-8708F3624AFE}.Release|Any CPU.ActiveCfg = Release|Any CPU
		{DC75FA4D-7FBB-48BE-99C4-8708F3624AFE}.Release|Any CPU.Build.0 = Release|Any CPU
		{DC75FA4D-7FBB-48BE-99C4-8708F3624AFE}.Release|Mixed Platforms.ActiveCfg = Release|Any CPU
		{DC75FA4D-7FBB-48BE-99C4-8708F3624AFE}.Release|Mixed Platforms.Build.0 = Release|Any CPU
		{DC75FA4D-7FBB-48BE-99C4-8708F3624AFE}.Release|Win32.ActiveCfg = Release|Any CPU
		{17C03A45-5E28-490D-B129-5D2388780AD6}.Debug|Any CPU.ActiveCfg = Debug|Any CPU
		{17C03A45-5E28-490D-B129-5D2388780AD6}.Debug|Any CPU.Build.0 = Debug|Any CPU
		{17C03A45-5E28-490D-B129-5D2388780AD6}.Debug|Mixed Platforms.ActiveCfg = Debug|Any CPU
		{17C03A45-5E28-490D-B129-5D2388780AD6}.Debug|Mixed Platforms.Build.0 = Debug|Any CPU
		{17C03A45-5E28-490D-B129-5D2388780AD6}.Debug|Win32.ActiveCfg = Debug|Any CPU
		{17C03A45-5E28-490D-B129-5D2388780AD6}.Release|Any CPU.ActiveCfg = Release|Any CPU
		{17C03A45-5E28-490D-B129-5D2388780AD6}.Release|Any CPU.Build.0 = Release|Any CPU
		{17C03A45-5E28-490D-B129-5D2388780AD6}.Release|Mixed Platforms.ActiveCfg = Release|Any CPU
		{17C03A45-5E28-490D-B129-5D2388780AD6}.Release|Mixed Platforms.Build.0 = Release|Any CPU
		{17C03A45-5E28-490D-B129-5D2388780AD6}.Release|Win32.ActiveCfg = Release|Any CPU
		{725A588F-68C6-4F14-B0FA-61A291739654}.Debug|Any CPU.ActiveCfg = Debug|Any CPU
		{725A588F-68C6-4F14-B0FA-61A291739654}.Debug|Any CPU.Build.0 = Debug|Any CPU
		{725A588F-68C6-4F14-B0FA-61A291739654}.Debug|Mixed Platforms.ActiveCfg = Debug|Any CPU
		{725A588F-68C6-4F14-B0FA-61A291739654}.Debug|Mixed Platforms.Build.0 = Debug|Any CPU
		{725A588F-68C6-4F14-B0FA-61A291739654}.Debug|Win32.ActiveCfg = Debug|Any CPU
		{725A588F-68C6-4F14-B0FA-61A291739654}.Release|Any CPU.ActiveCfg = Release|Any CPU
		{725A588F-68C6-4F14-B0FA-61A291739654}.Release|Any CPU.Build.0 = Release|Any CPU
		{725A588F-68C6-4F14-B0FA-61A291739654}.Release|Mixed Platforms.ActiveCfg = Release|Any CPU
		{725A588F-68C6-4F14-B0FA-61A291739654}.Release|Mixed Platforms.Build.0 = Release|Any CPU
		{725A588F-68C6-4F14-B0FA-61A291739654}.Release|Win32.ActiveCfg = Release|Any CPU
		{FDB84CDB-46E2-428C-859D-BBB3CF0C0DE0}.Debug|Any CPU.ActiveCfg = Debug|Any CPU
		{FDB84CDB-46E2-428C-859D-BBB3CF0C0DE0}.Debug|Any CPU.Build.0 = Debug|Any CPU
		{FDB84CDB-46E2-428C-859D-BBB3CF0C0DE0}.Debug|Mixed Platforms.ActiveCfg = Debug|Any CPU
		{FDB84CDB-46E2-428C-859D-BBB3CF0C0DE0}.Debug|Mixed Platforms.Build.0 = Debug|Any CPU
		{FDB84CDB-46E2-428C-859D-BBB3CF0C0DE0}.Debug|Win32.ActiveCfg = Debug|Any CPU
		{FDB84CDB-46E2-428C-859D-BBB3CF0C0DE0}.Release|Any CPU.ActiveCfg = Release|Any CPU
		{FDB84CDB-46E2-428C-859D-BBB3CF0C0DE0}.Release|Any CPU.Build.0 = Release|Any CPU
		{FDB84CDB-46E2-428C-859D-BBB3CF0C0DE0}.Release|Mixed Platforms.ActiveCfg = Release|Any CPU
		{FDB84CDB-46E2-428C-859D-BBB3CF0C0DE0}.Release|Mixed Platforms.Build.0 = Release|Any CPU
		{FDB84CDB-46E2-428C-859D-BBB3CF0C0DE0}.Release|Win32.ActiveCfg = Release|Any CPU
		{E46F335C-8154-47CE-8D95-E970A8C35E78}.Debug|Any CPU.ActiveCfg = Debug|Any CPU
		{E46F335C-8154-47CE-8D95-E970A8C35E78}.Debug|Any CPU.Build.0 = Debug|Any CPU
		{E46F335C-8154-47CE-8D95-E970A8C35E78}.Debug|Mixed Platforms.ActiveCfg = Debug|Any CPU
		{E46F335C-8154-47CE-8D95-E970A8C35E78}.Debug|Mixed Platforms.Build.0 = Debug|Any CPU
		{E46F335C-8154-47CE-8D95-E970A8C35E78}.Debug|Win32.ActiveCfg = Debug|Any CPU
		{E46F335C-8154-47CE-8D95-E970A8C35E78}.Debug|Win32.Build.0 = Debug|Any CPU
		{E46F335C-8154-47CE-8D95-E970A8C35E78}.Release|Any CPU.ActiveCfg = Release|Any CPU
		{E46F335C-8154-47CE-8D95-E970A8C35E78}.Release|Any CPU.Build.0 = Release|Any CPU
		{E46F335C-8154-47CE-8D95-E970A8C35E78}.Release|Mixed Platforms.ActiveCfg = Release|Any CPU
		{E46F335C-8154-47CE-8D95-E970A8C35E78}.Release|Mixed Platforms.Build.0 = Release|Any CPU
		{E46F335C-8154-47CE-8D95-E970A8C35E78}.Release|Win32.ActiveCfg = Release|Any CPU
		{E46F335C-8154-47CE-8D95-E970A8C35E78}.Release|Win32.Build.0 = Release|Any CPU
	EndGlobalSection
	GlobalSection(SolutionProperties) = preSolution
		HideSolutionNode = FALSE
	EndGlobalSection
EndGlobal
